// !$*UTF8*$!
{
	archiveVersion = 1;
	classes = {
	};
	objectVersion = 56;
	objects = {

/* Begin PBXBuildFile section */
		954C081729EC6DC3008B227D /* WidgetKit.framework in Frameworks */ = {isa = PBXBuildFile; fileRef = 954C081629EC6DC3008B227D /* WidgetKit.framework */; };
		954C081929EC6DC3008B227D /* SwiftUI.framework in Frameworks */ = {isa = PBXBuildFile; fileRef = 954C081829EC6DC3008B227D /* SwiftUI.framework */; };
		954C081C29EC6DC3008B227D /* isMercuryInRetrogradeWidgetBundle.swift in Sources */ = {isa = PBXBuildFile; fileRef = 954C081B29EC6DC3008B227D /* isMercuryInRetrogradeWidgetBundle.swift */; };
		954C081E29EC6DC3008B227D /* isMercuryInRetrogradeWidgetLiveActivity.swift in Sources */ = {isa = PBXBuildFile; fileRef = 954C081D29EC6DC3008B227D /* isMercuryInRetrogradeWidgetLiveActivity.swift */; };
		954C082029EC6DC3008B227D /* isMercuryInRetrogradeWidget.swift in Sources */ = {isa = PBXBuildFile; fileRef = 954C081F29EC6DC3008B227D /* isMercuryInRetrogradeWidget.swift */; };
		954C082329EC6DC4008B227D /* Assets.xcassets in Resources */ = {isa = PBXBuildFile; fileRef = 954C082229EC6DC4008B227D /* Assets.xcassets */; };
		954C082529EC6DC4008B227D /* isMercuryInRetrogradeWidget.intentdefinition in Sources */ = {isa = PBXBuildFile; fileRef = 954C082129EC6DC3008B227D /* isMercuryInRetrogradeWidget.intentdefinition */; };
		954C082629EC6DC4008B227D /* isMercuryInRetrogradeWidget.intentdefinition in Sources */ = {isa = PBXBuildFile; fileRef = 954C082129EC6DC3008B227D /* isMercuryInRetrogradeWidget.intentdefinition */; };
		954C082929EC6DC4008B227D /* isMercuryInRetrogradeWidgetExtension.appex in Embed Foundation Extensions */ = {isa = PBXBuildFile; fileRef = 954C081429EC6DC3008B227D /* isMercuryInRetrogradeWidgetExtension.appex */; settings = {ATTRIBUTES = (RemoveHeadersOnCopy, ); }; };
		95A41EAD29F0B8B5005D68F8 /* DataModel.swift in Sources */ = {isa = PBXBuildFile; fileRef = 95A41EAC29F0B8B5005D68F8 /* DataModel.swift */; };
		95A41EAE29F0B8B5005D68F8 /* DataModel.swift in Sources */ = {isa = PBXBuildFile; fileRef = 95A41EAC29F0B8B5005D68F8 /* DataModel.swift */; };
		95CE306A29F09654002C7D5B /* StyleConfig.swift in Sources */ = {isa = PBXBuildFile; fileRef = 95CE306929F09654002C7D5B /* StyleConfig.swift */; };
		95CE306B29F09654002C7D5B /* StyleConfig.swift in Sources */ = {isa = PBXBuildFile; fileRef = 95CE306929F09654002C7D5B /* StyleConfig.swift */; };
		95F1198529EB6CD400589E27 /* isMercuryInRetrogradeApp.swift in Sources */ = {isa = PBXBuildFile; fileRef = 95F1198429EB6CD400589E27 /* isMercuryInRetrogradeApp.swift */; };
		95F1198729EB6CD400589E27 /* ContentView.swift in Sources */ = {isa = PBXBuildFile; fileRef = 95F1198629EB6CD400589E27 /* ContentView.swift */; };
		95F1198929EB6CD500589E27 /* Assets.xcassets in Resources */ = {isa = PBXBuildFile; fileRef = 95F1198829EB6CD500589E27 /* Assets.xcassets */; };
		95F1198C29EB6CD500589E27 /* Preview Assets.xcassets in Resources */ = {isa = PBXBuildFile; fileRef = 95F1198B29EB6CD500589E27 /* Preview Assets.xcassets */; };
		95F1199629EB6CD500589E27 /* isMercuryInRetrogradeTests.swift in Sources */ = {isa = PBXBuildFile; fileRef = 95F1199529EB6CD500589E27 /* isMercuryInRetrogradeTests.swift */; };
		95F119A029EB6CD500589E27 /* isMercuryInRetrogradeUITests.swift in Sources */ = {isa = PBXBuildFile; fileRef = 95F1199F29EB6CD500589E27 /* isMercuryInRetrogradeUITests.swift */; };
		95F119A229EB6CD500589E27 /* isMercuryInRetrogradeUITestsLaunchTests.swift in Sources */ = {isa = PBXBuildFile; fileRef = 95F119A129EB6CD500589E27 /* isMercuryInRetrogradeUITestsLaunchTests.swift */; };
/* End PBXBuildFile section */

/* Begin PBXContainerItemProxy section */
		954C082729EC6DC4008B227D /* PBXContainerItemProxy */ = {
			isa = PBXContainerItemProxy;
			containerPortal = 95F1197929EB6CD400589E27 /* Project object */;
			proxyType = 1;
			remoteGlobalIDString = 954C081329EC6DC3008B227D;
			remoteInfo = isMercuryInRetrogradeWidgetExtension;
		};
		95F1199229EB6CD500589E27 /* PBXContainerItemProxy */ = {
			isa = PBXContainerItemProxy;
			containerPortal = 95F1197929EB6CD400589E27 /* Project object */;
			proxyType = 1;
			remoteGlobalIDString = 95F1198029EB6CD400589E27;
			remoteInfo = isMercuryInRetrograde;
		};
		95F1199C29EB6CD500589E27 /* PBXContainerItemProxy */ = {
			isa = PBXContainerItemProxy;
			containerPortal = 95F1197929EB6CD400589E27 /* Project object */;
			proxyType = 1;
			remoteGlobalIDString = 95F1198029EB6CD400589E27;
			remoteInfo = isMercuryInRetrograde;
		};
/* End PBXContainerItemProxy section */

/* Begin PBXCopyFilesBuildPhase section */
		954C082A29EC6DC4008B227D /* Embed Foundation Extensions */ = {
			isa = PBXCopyFilesBuildPhase;
			buildActionMask = 2147483647;
			dstPath = "";
			dstSubfolderSpec = 13;
			files = (
				954C082929EC6DC4008B227D /* isMercuryInRetrogradeWidgetExtension.appex in Embed Foundation Extensions */,
			);
			name = "Embed Foundation Extensions";
			runOnlyForDeploymentPostprocessing = 0;
		};
/* End PBXCopyFilesBuildPhase section */

/* Begin PBXFileReference section */
		954C081429EC6DC3008B227D /* isMercuryInRetrogradeWidgetExtension.appex */ = {isa = PBXFileReference; explicitFileType = "wrapper.app-extension"; includeInIndex = 0; path = isMercuryInRetrogradeWidgetExtension.appex; sourceTree = BUILT_PRODUCTS_DIR; };
		954C081629EC6DC3008B227D /* WidgetKit.framework */ = {isa = PBXFileReference; lastKnownFileType = wrapper.framework; name = WidgetKit.framework; path = System/Library/Frameworks/WidgetKit.framework; sourceTree = SDKROOT; };
		954C081829EC6DC3008B227D /* SwiftUI.framework */ = {isa = PBXFileReference; lastKnownFileType = wrapper.framework; name = SwiftUI.framework; path = System/Library/Frameworks/SwiftUI.framework; sourceTree = SDKROOT; };
		954C081B29EC6DC3008B227D /* isMercuryInRetrogradeWidgetBundle.swift */ = {isa = PBXFileReference; lastKnownFileType = sourcecode.swift; path = isMercuryInRetrogradeWidgetBundle.swift; sourceTree = "<group>"; };
		954C081D29EC6DC3008B227D /* isMercuryInRetrogradeWidgetLiveActivity.swift */ = {isa = PBXFileReference; lastKnownFileType = sourcecode.swift; path = isMercuryInRetrogradeWidgetLiveActivity.swift; sourceTree = "<group>"; };
		954C081F29EC6DC3008B227D /* isMercuryInRetrogradeWidget.swift */ = {isa = PBXFileReference; lastKnownFileType = sourcecode.swift; path = isMercuryInRetrogradeWidget.swift; sourceTree = "<group>"; };
		954C082129EC6DC3008B227D /* isMercuryInRetrogradeWidget.intentdefinition */ = {isa = PBXFileReference; lastKnownFileType = file.intentdefinition; path = isMercuryInRetrogradeWidget.intentdefinition; sourceTree = "<group>"; };
		954C082229EC6DC4008B227D /* Assets.xcassets */ = {isa = PBXFileReference; lastKnownFileType = folder.assetcatalog; path = Assets.xcassets; sourceTree = "<group>"; };
		954C082429EC6DC4008B227D /* Info.plist */ = {isa = PBXFileReference; lastKnownFileType = text.plist.xml; path = Info.plist; sourceTree = "<group>"; };
		954C082E29EDE3E6008B227D /* isMercuryInRetrogradeRelease.entitlements */ = {isa = PBXFileReference; lastKnownFileType = text.plist.entitlements; path = isMercuryInRetrogradeRelease.entitlements; sourceTree = "<group>"; };
		954C082F29EDE417008B227D /* isMercuryInRetrogradeWidgetExtensionRelease.entitlements */ = {isa = PBXFileReference; lastKnownFileType = text.plist.entitlements; path = isMercuryInRetrogradeWidgetExtensionRelease.entitlements; sourceTree = "<group>"; };
		95A41EAC29F0B8B5005D68F8 /* DataModel.swift */ = {isa = PBXFileReference; lastKnownFileType = sourcecode.swift; path = DataModel.swift; sourceTree = "<group>"; };
		95CE306929F09654002C7D5B /* StyleConfig.swift */ = {isa = PBXFileReference; lastKnownFileType = sourcecode.swift; path = StyleConfig.swift; sourceTree = "<group>"; };
		95F1198129EB6CD400589E27 /* isMercuryInRetrograde.app */ = {isa = PBXFileReference; explicitFileType = wrapper.application; includeInIndex = 0; path = isMercuryInRetrograde.app; sourceTree = BUILT_PRODUCTS_DIR; };
		95F1198429EB6CD400589E27 /* isMercuryInRetrogradeApp.swift */ = {isa = PBXFileReference; lastKnownFileType = sourcecode.swift; path = isMercuryInRetrogradeApp.swift; sourceTree = "<group>"; };
		95F1198629EB6CD400589E27 /* ContentView.swift */ = {isa = PBXFileReference; lastKnownFileType = sourcecode.swift; path = ContentView.swift; sourceTree = "<group>"; };
		95F1198829EB6CD500589E27 /* Assets.xcassets */ = {isa = PBXFileReference; lastKnownFileType = folder.assetcatalog; path = Assets.xcassets; sourceTree = "<group>"; };
		95F1198B29EB6CD500589E27 /* Preview Assets.xcassets */ = {isa = PBXFileReference; lastKnownFileType = folder.assetcatalog; path = "Preview Assets.xcassets"; sourceTree = "<group>"; };
		95F1199129EB6CD500589E27 /* isMercuryInRetrogradeTests.xctest */ = {isa = PBXFileReference; explicitFileType = wrapper.cfbundle; includeInIndex = 0; path = isMercuryInRetrogradeTests.xctest; sourceTree = BUILT_PRODUCTS_DIR; };
		95F1199529EB6CD500589E27 /* isMercuryInRetrogradeTests.swift */ = {isa = PBXFileReference; lastKnownFileType = sourcecode.swift; path = isMercuryInRetrogradeTests.swift; sourceTree = "<group>"; };
		95F1199B29EB6CD500589E27 /* isMercuryInRetrogradeUITests.xctest */ = {isa = PBXFileReference; explicitFileType = wrapper.cfbundle; includeInIndex = 0; path = isMercuryInRetrogradeUITests.xctest; sourceTree = BUILT_PRODUCTS_DIR; };
		95F1199F29EB6CD500589E27 /* isMercuryInRetrogradeUITests.swift */ = {isa = PBXFileReference; lastKnownFileType = sourcecode.swift; path = isMercuryInRetrogradeUITests.swift; sourceTree = "<group>"; };
		95F119A129EB6CD500589E27 /* isMercuryInRetrogradeUITestsLaunchTests.swift */ = {isa = PBXFileReference; lastKnownFileType = sourcecode.swift; path = isMercuryInRetrogradeUITestsLaunchTests.swift; sourceTree = "<group>"; };
		95F119AE29EB723E00589E27 /* Info.plist */ = {isa = PBXFileReference; lastKnownFileType = text.plist; path = Info.plist; sourceTree = "<group>"; };
/* End PBXFileReference section */

/* Begin PBXFrameworksBuildPhase section */
		954C081129EC6DC3008B227D /* Frameworks */ = {
			isa = PBXFrameworksBuildPhase;
			buildActionMask = 2147483647;
			files = (
				954C081929EC6DC3008B227D /* SwiftUI.framework in Frameworks */,
				954C081729EC6DC3008B227D /* WidgetKit.framework in Frameworks */,
			);
			runOnlyForDeploymentPostprocessing = 0;
		};
		95F1197E29EB6CD400589E27 /* Frameworks */ = {
			isa = PBXFrameworksBuildPhase;
			buildActionMask = 2147483647;
			files = (
			);
			runOnlyForDeploymentPostprocessing = 0;
		};
		95F1198E29EB6CD500589E27 /* Frameworks */ = {
			isa = PBXFrameworksBuildPhase;
			buildActionMask = 2147483647;
			files = (
			);
			runOnlyForDeploymentPostprocessing = 0;
		};
		95F1199829EB6CD500589E27 /* Frameworks */ = {
			isa = PBXFrameworksBuildPhase;
			buildActionMask = 2147483647;
			files = (
			);
			runOnlyForDeploymentPostprocessing = 0;
		};
/* End PBXFrameworksBuildPhase section */

/* Begin PBXGroup section */
		954C081529EC6DC3008B227D /* Frameworks */ = {
			isa = PBXGroup;
			children = (
				954C081629EC6DC3008B227D /* WidgetKit.framework */,
				954C081829EC6DC3008B227D /* SwiftUI.framework */,
			);
			name = Frameworks;
			sourceTree = "<group>";
		};
		954C081A29EC6DC3008B227D /* isMercuryInRetrogradeWidget */ = {
			isa = PBXGroup;
			children = (
				954C081B29EC6DC3008B227D /* isMercuryInRetrogradeWidgetBundle.swift */,
				954C081D29EC6DC3008B227D /* isMercuryInRetrogradeWidgetLiveActivity.swift */,
				954C081F29EC6DC3008B227D /* isMercuryInRetrogradeWidget.swift */,
				95CE306929F09654002C7D5B /* StyleConfig.swift */,
				954C082129EC6DC3008B227D /* isMercuryInRetrogradeWidget.intentdefinition */,
				954C082229EC6DC4008B227D /* Assets.xcassets */,
				954C082429EC6DC4008B227D /* Info.plist */,
			);
			path = isMercuryInRetrogradeWidget;
			sourceTree = "<group>";
		};
		95F1197829EB6CD400589E27 = {
			isa = PBXGroup;
			children = (
				954C082F29EDE417008B227D /* isMercuryInRetrogradeWidgetExtensionRelease.entitlements */,
				95F1198329EB6CD400589E27 /* isMercuryInRetrograde */,
				95F1199429EB6CD500589E27 /* isMercuryInRetrogradeTests */,
				95F1199E29EB6CD500589E27 /* isMercuryInRetrogradeUITests */,
				954C081A29EC6DC3008B227D /* isMercuryInRetrogradeWidget */,
				954C081529EC6DC3008B227D /* Frameworks */,
				95F1198229EB6CD400589E27 /* Products */,
			);
			sourceTree = "<group>";
		};
		95F1198229EB6CD400589E27 /* Products */ = {
			isa = PBXGroup;
			children = (
				95F1198129EB6CD400589E27 /* isMercuryInRetrograde.app */,
				95F1199129EB6CD500589E27 /* isMercuryInRetrogradeTests.xctest */,
				95F1199B29EB6CD500589E27 /* isMercuryInRetrogradeUITests.xctest */,
				954C081429EC6DC3008B227D /* isMercuryInRetrogradeWidgetExtension.appex */,
			);
			name = Products;
			sourceTree = "<group>";
		};
		95F1198329EB6CD400589E27 /* isMercuryInRetrograde */ = {
			isa = PBXGroup;
			children = (
				954C082E29EDE3E6008B227D /* isMercuryInRetrogradeRelease.entitlements */,
				95F119AE29EB723E00589E27 /* Info.plist */,
				95F1198429EB6CD400589E27 /* isMercuryInRetrogradeApp.swift */,
				95F1198629EB6CD400589E27 /* ContentView.swift */,
				95A41EAC29F0B8B5005D68F8 /* DataModel.swift */,
				95F1198829EB6CD500589E27 /* Assets.xcassets */,
				95F1198A29EB6CD500589E27 /* Preview Content */,
			);
			path = isMercuryInRetrograde;
			sourceTree = "<group>";
		};
		95F1198A29EB6CD500589E27 /* Preview Content */ = {
			isa = PBXGroup;
			children = (
				95F1198B29EB6CD500589E27 /* Preview Assets.xcassets */,
			);
			path = "Preview Content";
			sourceTree = "<group>";
		};
		95F1199429EB6CD500589E27 /* isMercuryInRetrogradeTests */ = {
			isa = PBXGroup;
			children = (
				95F1199529EB6CD500589E27 /* isMercuryInRetrogradeTests.swift */,
			);
			path = isMercuryInRetrogradeTests;
			sourceTree = "<group>";
		};
		95F1199E29EB6CD500589E27 /* isMercuryInRetrogradeUITests */ = {
			isa = PBXGroup;
			children = (
				95F1199F29EB6CD500589E27 /* isMercuryInRetrogradeUITests.swift */,
				95F119A129EB6CD500589E27 /* isMercuryInRetrogradeUITestsLaunchTests.swift */,
			);
			path = isMercuryInRetrogradeUITests;
			sourceTree = "<group>";
		};
/* End PBXGroup section */

/* Begin PBXNativeTarget section */
		954C081329EC6DC3008B227D /* isMercuryInRetrogradeWidgetExtension */ = {
			isa = PBXNativeTarget;
			buildConfigurationList = 954C082D29EC6DC4008B227D /* Build configuration list for PBXNativeTarget "isMercuryInRetrogradeWidgetExtension" */;
			buildPhases = (
				954C081029EC6DC3008B227D /* Sources */,
				954C081129EC6DC3008B227D /* Frameworks */,
				954C081229EC6DC3008B227D /* Resources */,
			);
			buildRules = (
			);
			dependencies = (
			);
			name = isMercuryInRetrogradeWidgetExtension;
			productName = isMercuryInRetrogradeWidgetExtension;
			productReference = 954C081429EC6DC3008B227D /* isMercuryInRetrogradeWidgetExtension.appex */;
			productType = "com.apple.product-type.app-extension";
		};
		95F1198029EB6CD400589E27 /* isMercuryInRetrograde */ = {
			isa = PBXNativeTarget;
			buildConfigurationList = 95F119A529EB6CD500589E27 /* Build configuration list for PBXNativeTarget "isMercuryInRetrograde" */;
			buildPhases = (
				95F1197D29EB6CD400589E27 /* Sources */,
				95F1197E29EB6CD400589E27 /* Frameworks */,
				95F1197F29EB6CD400589E27 /* Resources */,
				954C082A29EC6DC4008B227D /* Embed Foundation Extensions */,
			);
			buildRules = (
			);
			dependencies = (
				954C082829EC6DC4008B227D /* PBXTargetDependency */,
			);
			name = isMercuryInRetrograde;
			productName = isMercuryInRetrograde;
			productReference = 95F1198129EB6CD400589E27 /* isMercuryInRetrograde.app */;
			productType = "com.apple.product-type.application";
		};
		95F1199029EB6CD500589E27 /* isMercuryInRetrogradeTests */ = {
			isa = PBXNativeTarget;
			buildConfigurationList = 95F119A829EB6CD500589E27 /* Build configuration list for PBXNativeTarget "isMercuryInRetrogradeTests" */;
			buildPhases = (
				95F1198D29EB6CD500589E27 /* Sources */,
				95F1198E29EB6CD500589E27 /* Frameworks */,
				95F1198F29EB6CD500589E27 /* Resources */,
			);
			buildRules = (
			);
			dependencies = (
				95F1199329EB6CD500589E27 /* PBXTargetDependency */,
			);
			name = isMercuryInRetrogradeTests;
			productName = isMercuryInRetrogradeTests;
			productReference = 95F1199129EB6CD500589E27 /* isMercuryInRetrogradeTests.xctest */;
			productType = "com.apple.product-type.bundle.unit-test";
		};
		95F1199A29EB6CD500589E27 /* isMercuryInRetrogradeUITests */ = {
			isa = PBXNativeTarget;
			buildConfigurationList = 95F119AB29EB6CD500589E27 /* Build configuration list for PBXNativeTarget "isMercuryInRetrogradeUITests" */;
			buildPhases = (
				95F1199729EB6CD500589E27 /* Sources */,
				95F1199829EB6CD500589E27 /* Frameworks */,
				95F1199929EB6CD500589E27 /* Resources */,
			);
			buildRules = (
			);
			dependencies = (
				95F1199D29EB6CD500589E27 /* PBXTargetDependency */,
			);
			name = isMercuryInRetrogradeUITests;
			productName = isMercuryInRetrogradeUITests;
			productReference = 95F1199B29EB6CD500589E27 /* isMercuryInRetrogradeUITests.xctest */;
			productType = "com.apple.product-type.bundle.ui-testing";
		};
/* End PBXNativeTarget section */

/* Begin PBXProject section */
		95F1197929EB6CD400589E27 /* Project object */ = {
			isa = PBXProject;
			attributes = {
				BuildIndependentTargetsInParallel = 1;
				LastSwiftUpdateCheck = 1420;
				LastUpgradeCheck = 1420;
				TargetAttributes = {
					954C081329EC6DC3008B227D = {
						CreatedOnToolsVersion = 14.2;
					};
					95F1198029EB6CD400589E27 = {
						CreatedOnToolsVersion = 14.2;
					};
					95F1199029EB6CD500589E27 = {
						CreatedOnToolsVersion = 14.2;
						TestTargetID = 95F1198029EB6CD400589E27;
					};
					95F1199A29EB6CD500589E27 = {
						CreatedOnToolsVersion = 14.2;
						TestTargetID = 95F1198029EB6CD400589E27;
					};
				};
			};
			buildConfigurationList = 95F1197C29EB6CD400589E27 /* Build configuration list for PBXProject "isMercuryInRetrograde" */;
			compatibilityVersion = "Xcode 14.0";
			developmentRegion = en;
			hasScannedForEncodings = 0;
			knownRegions = (
				en,
				Base,
			);
			mainGroup = 95F1197829EB6CD400589E27;
			productRefGroup = 95F1198229EB6CD400589E27 /* Products */;
			projectDirPath = "";
			projectRoot = "";
			targets = (
				95F1198029EB6CD400589E27 /* isMercuryInRetrograde */,
				95F1199029EB6CD500589E27 /* isMercuryInRetrogradeTests */,
				95F1199A29EB6CD500589E27 /* isMercuryInRetrogradeUITests */,
				954C081329EC6DC3008B227D /* isMercuryInRetrogradeWidgetExtension */,
			);
		};
/* End PBXProject section */

/* Begin PBXResourcesBuildPhase section */
		954C081229EC6DC3008B227D /* Resources */ = {
			isa = PBXResourcesBuildPhase;
			buildActionMask = 2147483647;
			files = (
				954C082329EC6DC4008B227D /* Assets.xcassets in Resources */,
			);
			runOnlyForDeploymentPostprocessing = 0;
		};
		95F1197F29EB6CD400589E27 /* Resources */ = {
			isa = PBXResourcesBuildPhase;
			buildActionMask = 2147483647;
			files = (
				95F1198C29EB6CD500589E27 /* Preview Assets.xcassets in Resources */,
				95F1198929EB6CD500589E27 /* Assets.xcassets in Resources */,
			);
			runOnlyForDeploymentPostprocessing = 0;
		};
		95F1198F29EB6CD500589E27 /* Resources */ = {
			isa = PBXResourcesBuildPhase;
			buildActionMask = 2147483647;
			files = (
			);
			runOnlyForDeploymentPostprocessing = 0;
		};
		95F1199929EB6CD500589E27 /* Resources */ = {
			isa = PBXResourcesBuildPhase;
			buildActionMask = 2147483647;
			files = (
			);
			runOnlyForDeploymentPostprocessing = 0;
		};
/* End PBXResourcesBuildPhase section */

/* Begin PBXSourcesBuildPhase section */
		954C081029EC6DC3008B227D /* Sources */ = {
			isa = PBXSourcesBuildPhase;
			buildActionMask = 2147483647;
			files = (
				95CE306B29F09654002C7D5B /* StyleConfig.swift in Sources */,
				954C081E29EC6DC3008B227D /* isMercuryInRetrogradeWidgetLiveActivity.swift in Sources */,
				954C081C29EC6DC3008B227D /* isMercuryInRetrogradeWidgetBundle.swift in Sources */,
				954C082529EC6DC4008B227D /* isMercuryInRetrogradeWidget.intentdefinition in Sources */,
				954C082029EC6DC3008B227D /* isMercuryInRetrogradeWidget.swift in Sources */,
				95A41EAE29F0B8B5005D68F8 /* DataModel.swift in Sources */,
			);
			runOnlyForDeploymentPostprocessing = 0;
		};
		95F1197D29EB6CD400589E27 /* Sources */ = {
			isa = PBXSourcesBuildPhase;
			buildActionMask = 2147483647;
			files = (
				95A41EAD29F0B8B5005D68F8 /* DataModel.swift in Sources */,
				954C082629EC6DC4008B227D /* isMercuryInRetrogradeWidget.intentdefinition in Sources */,
				95F1198729EB6CD400589E27 /* ContentView.swift in Sources */,
				95F1198529EB6CD400589E27 /* isMercuryInRetrogradeApp.swift in Sources */,
				95CE306A29F09654002C7D5B /* StyleConfig.swift in Sources */,
			);
			runOnlyForDeploymentPostprocessing = 0;
		};
		95F1198D29EB6CD500589E27 /* Sources */ = {
			isa = PBXSourcesBuildPhase;
			buildActionMask = 2147483647;
			files = (
				95F1199629EB6CD500589E27 /* isMercuryInRetrogradeTests.swift in Sources */,
			);
			runOnlyForDeploymentPostprocessing = 0;
		};
		95F1199729EB6CD500589E27 /* Sources */ = {
			isa = PBXSourcesBuildPhase;
			buildActionMask = 2147483647;
			files = (
				95F119A229EB6CD500589E27 /* isMercuryInRetrogradeUITestsLaunchTests.swift in Sources */,
				95F119A029EB6CD500589E27 /* isMercuryInRetrogradeUITests.swift in Sources */,
			);
			runOnlyForDeploymentPostprocessing = 0;
		};
/* End PBXSourcesBuildPhase section */

/* Begin PBXTargetDependency section */
		954C082829EC6DC4008B227D /* PBXTargetDependency */ = {
			isa = PBXTargetDependency;
			target = 954C081329EC6DC3008B227D /* isMercuryInRetrogradeWidgetExtension */;
			targetProxy = 954C082729EC6DC4008B227D /* PBXContainerItemProxy */;
		};
		95F1199329EB6CD500589E27 /* PBXTargetDependency */ = {
			isa = PBXTargetDependency;
			target = 95F1198029EB6CD400589E27 /* isMercuryInRetrograde */;
			targetProxy = 95F1199229EB6CD500589E27 /* PBXContainerItemProxy */;
		};
		95F1199D29EB6CD500589E27 /* PBXTargetDependency */ = {
			isa = PBXTargetDependency;
			target = 95F1198029EB6CD400589E27 /* isMercuryInRetrograde */;
			targetProxy = 95F1199C29EB6CD500589E27 /* PBXContainerItemProxy */;
		};
/* End PBXTargetDependency section */

/* Begin XCBuildConfiguration section */
		954C082B29EC6DC4008B227D /* Debug */ = {
			isa = XCBuildConfiguration;
			buildSettings = {
				ASSETCATALOG_COMPILER_GLOBAL_ACCENT_COLOR_NAME = AccentColor;
				ASSETCATALOG_COMPILER_WIDGET_BACKGROUND_COLOR_NAME = WidgetBackground;
				CODE_SIGN_STYLE = Automatic;
				CURRENT_PROJECT_VERSION = 1;
				DEVELOPMENT_TEAM = 499MHWRALR;
				GENERATE_INFOPLIST_FILE = YES;
				INFOPLIST_FILE = isMercuryInRetrogradeWidget/Info.plist;
				INFOPLIST_KEY_CFBundleDisplayName = isMercuryInRetrogradeWidget;
				INFOPLIST_KEY_NSHumanReadableCopyright = "";
				LD_RUNPATH_SEARCH_PATHS = (
					"$(inherited)",
					"@executable_path/Frameworks",
					"@executable_path/../../Frameworks",
				);
				MARKETING_VERSION = 1.0;
				PRODUCT_BUNDLE_IDENTIFIER = com.annakallenbornbolden.isMercuryInRetrograde.isMercuryInRetrogradeWidget;
				PRODUCT_NAME = "$(TARGET_NAME)";
				SKIP_INSTALL = YES;
				SWIFT_EMIT_LOC_STRINGS = YES;
				SWIFT_VERSION = 5.0;
				TARGETED_DEVICE_FAMILY = "1,2";
			};
			name = Debug;
		};
		954C082C29EC6DC4008B227D /* Release */ = {
			isa = XCBuildConfiguration;
			buildSettings = {
				ASSETCATALOG_COMPILER_GLOBAL_ACCENT_COLOR_NAME = AccentColor;
				ASSETCATALOG_COMPILER_WIDGET_BACKGROUND_COLOR_NAME = WidgetBackground;
				CODE_SIGN_ENTITLEMENTS = isMercuryInRetrogradeWidgetExtensionRelease.entitlements;
				CODE_SIGN_STYLE = Automatic;
				CURRENT_PROJECT_VERSION = 1;
				DEVELOPMENT_TEAM = 499MHWRALR;
				GENERATE_INFOPLIST_FILE = YES;
				INFOPLIST_FILE = isMercuryInRetrogradeWidget/Info.plist;
				INFOPLIST_KEY_CFBundleDisplayName = isMercuryInRetrogradeWidget;
				INFOPLIST_KEY_NSHumanReadableCopyright = "";
				LD_RUNPATH_SEARCH_PATHS = (
					"$(inherited)",
					"@executable_path/Frameworks",
					"@executable_path/../../Frameworks",
				);
				MARKETING_VERSION = 1.0;
				PRODUCT_BUNDLE_IDENTIFIER = com.annakallenbornbolden.isMercuryInRetrograde.isMercuryInRetrogradeWidget;
				PRODUCT_NAME = "$(TARGET_NAME)";
				SKIP_INSTALL = YES;
				SWIFT_EMIT_LOC_STRINGS = YES;
				SWIFT_VERSION = 5.0;
				TARGETED_DEVICE_FAMILY = "1,2";
			};
			name = Release;
		};
		95F119A329EB6CD500589E27 /* Debug */ = {
			isa = XCBuildConfiguration;
			buildSettings = {
				ALWAYS_SEARCH_USER_PATHS = NO;
				CLANG_ANALYZER_NONNULL = YES;
				CLANG_ANALYZER_NUMBER_OBJECT_CONVERSION = YES_AGGRESSIVE;
				CLANG_CXX_LANGUAGE_STANDARD = "gnu++20";
				CLANG_ENABLE_MODULES = YES;
				CLANG_ENABLE_OBJC_ARC = YES;
				CLANG_ENABLE_OBJC_WEAK = YES;
				CLANG_WARN_BLOCK_CAPTURE_AUTORELEASING = YES;
				CLANG_WARN_BOOL_CONVERSION = YES;
				CLANG_WARN_COMMA = YES;
				CLANG_WARN_CONSTANT_CONVERSION = YES;
				CLANG_WARN_DEPRECATED_OBJC_IMPLEMENTATIONS = YES;
				CLANG_WARN_DIRECT_OBJC_ISA_USAGE = YES_ERROR;
				CLANG_WARN_DOCUMENTATION_COMMENTS = YES;
				CLANG_WARN_EMPTY_BODY = YES;
				CLANG_WARN_ENUM_CONVERSION = YES;
				CLANG_WARN_INFINITE_RECURSION = YES;
				CLANG_WARN_INT_CONVERSION = YES;
				CLANG_WARN_NON_LITERAL_NULL_CONVERSION = YES;
				CLANG_WARN_OBJC_IMPLICIT_RETAIN_SELF = YES;
				CLANG_WARN_OBJC_LITERAL_CONVERSION = YES;
				CLANG_WARN_OBJC_ROOT_CLASS = YES_ERROR;
				CLANG_WARN_QUOTED_INCLUDE_IN_FRAMEWORK_HEADER = YES;
				CLANG_WARN_RANGE_LOOP_ANALYSIS = YES;
				CLANG_WARN_STRICT_PROTOTYPES = YES;
				CLANG_WARN_SUSPICIOUS_MOVE = YES;
				CLANG_WARN_UNGUARDED_AVAILABILITY = YES_AGGRESSIVE;
				CLANG_WARN_UNREACHABLE_CODE = YES;
				CLANG_WARN__DUPLICATE_METHOD_MATCH = YES;
				COPY_PHASE_STRIP = NO;
				DEBUG_INFORMATION_FORMAT = dwarf;
				ENABLE_STRICT_OBJC_MSGSEND = YES;
				ENABLE_TESTABILITY = YES;
				GCC_C_LANGUAGE_STANDARD = gnu11;
				GCC_DYNAMIC_NO_PIC = NO;
				GCC_NO_COMMON_BLOCKS = YES;
				GCC_OPTIMIZATION_LEVEL = 0;
				GCC_PREPROCESSOR_DEFINITIONS = (
					"DEBUG=1",
					"$(inherited)",
				);
				GCC_WARN_64_TO_32_BIT_CONVERSION = YES;
				GCC_WARN_ABOUT_RETURN_TYPE = YES_ERROR;
				GCC_WARN_UNDECLARED_SELECTOR = YES;
				GCC_WARN_UNINITIALIZED_AUTOS = YES_AGGRESSIVE;
				GCC_WARN_UNUSED_FUNCTION = YES;
				GCC_WARN_UNUSED_VARIABLE = YES;
				IPHONEOS_DEPLOYMENT_TARGET = 16.2;
				MTL_ENABLE_DEBUG_INFO = INCLUDE_SOURCE;
				MTL_FAST_MATH = YES;
				ONLY_ACTIVE_ARCH = YES;
				SDKROOT = iphoneos;
				SWIFT_ACTIVE_COMPILATION_CONDITIONS = DEBUG;
				SWIFT_OPTIMIZATION_LEVEL = "-Onone";
			};
			name = Debug;
		};
		95F119A429EB6CD500589E27 /* Release */ = {
			isa = XCBuildConfiguration;
			buildSettings = {
				ALWAYS_SEARCH_USER_PATHS = NO;
				CLANG_ANALYZER_NONNULL = YES;
				CLANG_ANALYZER_NUMBER_OBJECT_CONVERSION = YES_AGGRESSIVE;
				CLANG_CXX_LANGUAGE_STANDARD = "gnu++20";
				CLANG_ENABLE_MODULES = YES;
				CLANG_ENABLE_OBJC_ARC = YES;
				CLANG_ENABLE_OBJC_WEAK = YES;
				CLANG_WARN_BLOCK_CAPTURE_AUTORELEASING = YES;
				CLANG_WARN_BOOL_CONVERSION = YES;
				CLANG_WARN_COMMA = YES;
				CLANG_WARN_CONSTANT_CONVERSION = YES;
				CLANG_WARN_DEPRECATED_OBJC_IMPLEMENTATIONS = YES;
				CLANG_WARN_DIRECT_OBJC_ISA_USAGE = YES_ERROR;
				CLANG_WARN_DOCUMENTATION_COMMENTS = YES;
				CLANG_WARN_EMPTY_BODY = YES;
				CLANG_WARN_ENUM_CONVERSION = YES;
				CLANG_WARN_INFINITE_RECURSION = YES;
				CLANG_WARN_INT_CONVERSION = YES;
				CLANG_WARN_NON_LITERAL_NULL_CONVERSION = YES;
				CLANG_WARN_OBJC_IMPLICIT_RETAIN_SELF = YES;
				CLANG_WARN_OBJC_LITERAL_CONVERSION = YES;
				CLANG_WARN_OBJC_ROOT_CLASS = YES_ERROR;
				CLANG_WARN_QUOTED_INCLUDE_IN_FRAMEWORK_HEADER = YES;
				CLANG_WARN_RANGE_LOOP_ANALYSIS = YES;
				CLANG_WARN_STRICT_PROTOTYPES = YES;
				CLANG_WARN_SUSPICIOUS_MOVE = YES;
				CLANG_WARN_UNGUARDED_AVAILABILITY = YES_AGGRESSIVE;
				CLANG_WARN_UNREACHABLE_CODE = YES;
				CLANG_WARN__DUPLICATE_METHOD_MATCH = YES;
				COPY_PHASE_STRIP = NO;
				DEBUG_INFORMATION_FORMAT = "dwarf-with-dsym";
				ENABLE_NS_ASSERTIONS = NO;
				ENABLE_STRICT_OBJC_MSGSEND = YES;
				GCC_C_LANGUAGE_STANDARD = gnu11;
				GCC_NO_COMMON_BLOCKS = YES;
				GCC_WARN_64_TO_32_BIT_CONVERSION = YES;
				GCC_WARN_ABOUT_RETURN_TYPE = YES_ERROR;
				GCC_WARN_UNDECLARED_SELECTOR = YES;
				GCC_WARN_UNINITIALIZED_AUTOS = YES_AGGRESSIVE;
				GCC_WARN_UNUSED_FUNCTION = YES;
				GCC_WARN_UNUSED_VARIABLE = YES;
				IPHONEOS_DEPLOYMENT_TARGET = 16.2;
				MTL_ENABLE_DEBUG_INFO = NO;
				MTL_FAST_MATH = YES;
				SDKROOT = iphoneos;
				SWIFT_COMPILATION_MODE = wholemodule;
				SWIFT_OPTIMIZATION_LEVEL = "-O";
				VALIDATE_PRODUCT = YES;
			};
			name = Release;
		};
		95F119A629EB6CD500589E27 /* Debug */ = {
			isa = XCBuildConfiguration;
			buildSettings = {
				ALWAYS_EMBED_SWIFT_STANDARD_LIBRARIES = YES;
				ASSETCATALOG_COMPILER_APPICON_NAME = AppIcon;
				ASSETCATALOG_COMPILER_GLOBAL_ACCENT_COLOR_NAME = AccentColor;
				CODE_SIGN_STYLE = Automatic;
				CURRENT_PROJECT_VERSION = 1;
				DEVELOPMENT_ASSET_PATHS = "\"isMercuryInRetrograde/Preview Content\"";
				DEVELOPMENT_TEAM = 499MHWRALR;
				ENABLE_PREVIEWS = YES;
				GENERATE_INFOPLIST_FILE = YES;
				INFOPLIST_FILE = isMercuryInRetrograde/Info.plist;
				INFOPLIST_KEY_UIApplicationSupportsIndirectInputEvents = YES;
				INFOPLIST_KEY_UILaunchScreen_Generation = YES;
				INFOPLIST_KEY_UISupportedInterfaceOrientations_iPad = "UIInterfaceOrientationPortrait UIInterfaceOrientationPortraitUpsideDown UIInterfaceOrientationLandscapeLeft UIInterfaceOrientationLandscapeRight";
				INFOPLIST_KEY_UISupportedInterfaceOrientations_iPhone = "UIInterfaceOrientationPortrait UIInterfaceOrientationLandscapeLeft UIInterfaceOrientationLandscapeRight";
				LD_RUNPATH_SEARCH_PATHS = (
					"$(inherited)",
					"@executable_path/Frameworks",
				);
				MARKETING_VERSION = 1.0;
				PRODUCT_BUNDLE_IDENTIFIER = com.annakallenbornbolden.isMercuryInRetrograde;
				PRODUCT_NAME = "$(TARGET_NAME)";
				SWIFT_EMIT_LOC_STRINGS = YES;
				SWIFT_VERSION = 5.0;
				TARGETED_DEVICE_FAMILY = "1,2";
			};
			name = Debug;
		};
		95F119A729EB6CD500589E27 /* Release */ = {
			isa = XCBuildConfiguration;
			buildSettings = {
				ALWAYS_EMBED_SWIFT_STANDARD_LIBRARIES = YES;
				ASSETCATALOG_COMPILER_APPICON_NAME = AppIcon;
				ASSETCATALOG_COMPILER_GLOBAL_ACCENT_COLOR_NAME = AccentColor;
				CODE_SIGN_ENTITLEMENTS = isMercuryInRetrograde/isMercuryInRetrogradeRelease.entitlements;
				CODE_SIGN_STYLE = Automatic;
				CURRENT_PROJECT_VERSION = 1;
				DEVELOPMENT_ASSET_PATHS = "\"isMercuryInRetrograde/Preview Content\"";
				DEVELOPMENT_TEAM = 499MHWRALR;
				ENABLE_PREVIEWS = YES;
				GENERATE_INFOPLIST_FILE = YES;
				INFOPLIST_FILE = isMercuryInRetrograde/Info.plist;
				INFOPLIST_KEY_UIApplicationSupportsIndirectInputEvents = YES;
				INFOPLIST_KEY_UILaunchScreen_Generation = YES;
				INFOPLIST_KEY_UISupportedInterfaceOrientations_iPad = "UIInterfaceOrientationPortrait UIInterfaceOrientationPortraitUpsideDown UIInterfaceOrientationLandscapeLeft UIInterfaceOrientationLandscapeRight";
				INFOPLIST_KEY_UISupportedInterfaceOrientations_iPhone = "UIInterfaceOrientationPortrait UIInterfaceOrientationLandscapeLeft UIInterfaceOrientationLandscapeRight";
				LD_RUNPATH_SEARCH_PATHS = (
					"$(inherited)",
					"@executable_path/Frameworks",
				);
				MARKETING_VERSION = 1.0;
				PRODUCT_BUNDLE_IDENTIFIER = com.annakallenbornbolden.isMercuryInRetrograde;
				PRODUCT_NAME = "$(TARGET_NAME)";
				SWIFT_EMIT_LOC_STRINGS = YES;
				SWIFT_VERSION = 5.0;
				TARGETED_DEVICE_FAMILY = "1,2";
			};
			name = Release;
		};
		95F119A929EB6CD500589E27 /* Debug */ = {
			isa = XCBuildConfiguration;
			buildSettings = {
				ALWAYS_EMBED_SWIFT_STANDARD_LIBRARIES = YES;
				BUNDLE_LOADER = "$(TEST_HOST)";
				CODE_SIGN_STYLE = Automatic;
				CURRENT_PROJECT_VERSION = 1;
				DEVELOPMENT_TEAM = 499MHWRALR;
				GENERATE_INFOPLIST_FILE = YES;
				IPHONEOS_DEPLOYMENT_TARGET = 16.2;
				MARKETING_VERSION = 1.0;
				PRODUCT_BUNDLE_IDENTIFIER = com.annakallenbornbolden.isMercuryInRetrogradeTests;
				PRODUCT_NAME = "$(TARGET_NAME)";
				SWIFT_EMIT_LOC_STRINGS = NO;
				SWIFT_VERSION = 5.0;
				TARGETED_DEVICE_FAMILY = "1,2";
				TEST_HOST = "$(BUILT_PRODUCTS_DIR)/isMercuryInRetrograde.app/$(BUNDLE_EXECUTABLE_FOLDER_PATH)/isMercuryInRetrograde";
			};
			name = Debug;
		};
		95F119AA29EB6CD500589E27 /* Release */ = {
			isa = XCBuildConfiguration;
			buildSettings = {
				ALWAYS_EMBED_SWIFT_STANDARD_LIBRARIES = YES;
				BUNDLE_LOADER = "$(TEST_HOST)";
				CODE_SIGN_STYLE = Automatic;
				CURRENT_PROJECT_VERSION = 1;
				DEVELOPMENT_TEAM = 499MHWRALR;
				GENERATE_INFOPLIST_FILE = YES;
				IPHONEOS_DEPLOYMENT_TARGET = 16.2;
				MARKETING_VERSION = 1.0;
				PRODUCT_BUNDLE_IDENTIFIER = com.annakallenbornbolden.isMercuryInRetrogradeTests;
				PRODUCT_NAME = "$(TARGET_NAME)";
				SWIFT_EMIT_LOC_STRINGS = NO;
				SWIFT_VERSION = 5.0;
				TARGETED_DEVICE_FAMILY = "1,2";
				TEST_HOST = "$(BUILT_PRODUCTS_DIR)/isMercuryInRetrograde.app/$(BUNDLE_EXECUTABLE_FOLDER_PATH)/isMercuryInRetrograde";
			};
			name = Release;
		};
		95F119AC29EB6CD500589E27 /* Debug */ = {
			isa = XCBuildConfiguration;
			buildSettings = {
				ALWAYS_EMBED_SWIFT_STANDARD_LIBRARIES = YES;
				CODE_SIGN_STYLE = Automatic;
				CURRENT_PROJECT_VERSION = 1;
				DEVELOPMENT_TEAM = 499MHWRALR;
				GENERATE_INFOPLIST_FILE = YES;
				MARKETING_VERSION = 1.0;
				PRODUCT_BUNDLE_IDENTIFIER = com.annakallenbornbolden.isMercuryInRetrogradeUITests;
				PRODUCT_NAME = "$(TARGET_NAME)";
				SWIFT_EMIT_LOC_STRINGS = NO;
				SWIFT_VERSION = 5.0;
				TARGETED_DEVICE_FAMILY = "1,2";
				TEST_TARGET_NAME = isMercuryInRetrograde;
			};
			name = Debug;
		};
		95F119AD29EB6CD500589E27 /* Release */ = {
			isa = XCBuildConfiguration;
			buildSettings = {
				ALWAYS_EMBED_SWIFT_STANDARD_LIBRARIES = YES;
				CODE_SIGN_STYLE = Automatic;
				CURRENT_PROJECT_VERSION = 1;
				DEVELOPMENT_TEAM = 499MHWRALR;
				GENERATE_INFOPLIST_FILE = YES;
				MARKETING_VERSION = 1.0;
				PRODUCT_BUNDLE_IDENTIFIER = com.annakallenbornbolden.isMercuryInRetrogradeUITests;
				PRODUCT_NAME = "$(TARGET_NAME)";
				SWIFT_EMIT_LOC_STRINGS = NO;
				SWIFT_VERSION = 5.0;
				TARGETED_DEVICE_FAMILY = "1,2";
				TEST_TARGET_NAME = isMercuryInRetrograde;
			};
			name = Release;
		};
/* End XCBuildConfiguration section */

/* Begin XCConfigurationList section */
		954C082D29EC6DC4008B227D /* Build configuration list for PBXNativeTarget "isMercuryInRetrogradeWidgetExtension" */ = {
			isa = XCConfigurationList;
			buildConfigurations = (
				954C082B29EC6DC4008B227D /* Debug */,
				954C082C29EC6DC4008B227D /* Release */,
			);
			defaultConfigurationIsVisible = 0;
			defaultConfigurationName = Release;
		};
		95F1197C29EB6CD400589E27 /* Build configuration list for PBXProject "isMercuryInRetrograde" */ = {
			isa = XCConfigurationList;
			buildConfigurations = (
				95F119A329EB6CD500589E27 /* Debug */,
				95F119A429EB6CD500589E27 /* Release */,
			);
			defaultConfigurationIsVisible = 0;
			defaultConfigurationName = Release;
		};
		95F119A529EB6CD500589E27 /* Build configuration list for PBXNativeTarget "isMercuryInRetrograde" */ = {
			isa = XCConfigurationList;
			buildConfigurations = (
				95F119A629EB6CD500589E27 /* Debug */,
				95F119A729EB6CD500589E27 /* Release */,
			);
			defaultConfigurationIsVisible = 0;
			defaultConfigurationName = Release;
		};
		95F119A829EB6CD500589E27 /* Build configuration list for PBXNativeTarget "isMercuryInRetrogradeTests" */ = {
			isa = XCConfigurationList;
			buildConfigurations = (
				95F119A929EB6CD500589E27 /* Debug */,
				95F119AA29EB6CD500589E27 /* Release */,
			);
			defaultConfigurationIsVisible = 0;
			defaultConfigurationName = Release;
		};
		95F119AB29EB6CD500589E27 /* Build configuration list for PBXNativeTarget "isMercuryInRetrogradeUITests" */ = {
			isa = XCConfigurationList;
			buildConfigurations = (
				95F119AC29EB6CD500589E27 /* Debug */,
				95F119AD29EB6CD500589E27 /* Release */,
			);
			defaultConfigurationIsVisible = 0;
			defaultConfigurationName = Release;
		};
/* End XCConfigurationList section */
	};
	rootObject = 95F1197929EB6CD400589E27 /* Project object */;
}
